
Microsoft Visual Studio Solution File, Format Version 12.00
# Visual Studio Version 16
VisualStudioVersion = 16.0.30711.63
MinimumVisualStudioVersion = 10.0.40219.1
Project("{FAE04EC0-301F-11D3-BF4B-00C04F79EFBC}") = "PantheonHand", "PantheonHand\PantheonHand.csproj", "{1D9728E2-4CF3-4444-81C0-B312F8FA089F}"
EndProject
Project("{FAE04EC0-301F-11D3-BF4B-00C04F79EFBC}") = "PantheonEye", "PantheonEye\PantheonEye.csproj", "{365AC66F-84A2-48A0-97E8-41384F89D802}"
EndProject
Global
	GlobalSection(SolutionConfigurationPlatforms) = preSolution
		Debug|Any CPU = Debug|Any CPU
		Release|Any CPU = Release|Any CPU
	EndGlobalSection
	GlobalSection(ProjectConfigurationPlatforms) = postSolution
		{1D9728E2-4CF3-4444-81C0-B312F8FA089F}.Debug|Any CPU.ActiveCfg = Debug|Any CPU
		{1D9728E2-4CF3-4444-81C0-B312F8FA089F}.Debug|Any CPU.Build.0 = Debug|Any CPU
		{1D9728E2-4CF3-4444-81C0-B312F8FA089F}.Release|Any CPU.ActiveCfg = Release|Any CPU
		{1D9728E2-4CF3-4444-81C0-B312F8FA089F}.Release|Any CPU.Build.0 = Release|Any CPU
		{365AC66F-84A2-48A0-97E8-41384F89D802}.Debug|Any CPU.ActiveCfg = Debug|Any CPU
		{365AC66F-84A2-48A0-97E8-41384F89D802}.Debug|Any CPU.Build.0 = Debug|Any CPU
		{365AC66F-84A2-48A0-97E8-41384F89D802}.Release|Any CPU.ActiveCfg = Release|Any CPU
		{365AC66F-84A2-48A0-97E8-41384F89D802}.Release|Any CPU.Build.0 = Release|Any CPU
	EndGlobalSection
	GlobalSection(SolutionProperties) = preSolution
		HideSolutionNode = FALSE
	EndGlobalSection
	GlobalSection(ExtensibilityGlobals) = postSolution
		SolutionGuid = {2DB9837B-A920-4580-8039-DA5B266CC8DA}
	EndGlobalSection
EndGlobal
